
Microsoft Visual Studio Solution File, Format Version 12.00
# Visual Studio 15
VisualStudioVersion = 15.0.28307.572
MinimumVisualStudioVersion = 10.0.40219.1
Project("{FAE04EC0-301F-11D3-BF4B-00C04F79EFBC}") = "ASPNetCoreWebApplication", "ASPNetCoreWebApplication\ASPNetCoreWebApplication.csproj", "{EC9AF90B-0C36-48F5-8EB6-98531B123F20}"
EndProject
Global
	GlobalSection(SolutionConfigurationPlatforms) = preSolution
		Debug|Any CPU = Debug|Any CPU
		Release|Any CPU = Release|Any CPU
	EndGlobalSection
	GlobalSection(ProjectConfigurationPlatforms) = postSolution
		{EC9AF90B-0C36-48F5-8EB6-98531B123F20}.Debug|Any CPU.ActiveCfg = Debug|Any CPU
		{EC9AF90B-0C36-48F5-8EB6-98531B123F20}.Debug|Any CPU.Build.0 = Debug|Any CPU
		{EC9AF90B-0C36-48F5-8EB6-98531B123F20}.Release|Any CPU.ActiveCfg = Release|Any CPU
		{EC9AF90B-0C36-48F5-8EB6-98531B123F20}.Release|Any CPU.Build.0 = Release|Any CPU
	EndGlobalSection
	GlobalSection(SolutionProperties) = preSolution
		HideSolutionNode = FALSE
	EndGlobalSection
	GlobalSection(ExtensibilityGlobals) = postSolution
		SolutionGuid = {289E9794-2080-40E4-A11C-1550C88E4511}
	EndGlobalSection
EndGlobal
